
Microsoft Visual Studio Solution File, Format Version 12.00
Project("{FAE04EC0-301F-11D3-BF4B-00C04F79EFBC}") = "Timer", "Timer\Timer.csproj", "{2BF4C859-D487-48DB-8809-4B77A9494B50}"
EndProject
Project("{FAE04EC0-301F-11D3-BF4B-00C04F79EFBC}") = "TimerClient", "TimerClient\TimerClient.csproj", "{E51E82B4-3FDF-4347-BEC5-DAF9100FB8CD}"
EndProject
Global
	GlobalSection(SolutionConfigurationPlatforms) = preSolution
		Debug|Any CPU = Debug|Any CPU
		Release|Any CPU = Release|Any CPU
	EndGlobalSection
	GlobalSection(ProjectConfigurationPlatforms) = postSolution
		{2BF4C859-D487-48DB-8809-4B77A9494B50}.Debug|Any CPU.ActiveCfg = Debug|Any CPU
		{2BF4C859-D487-48DB-8809-4B77A9494B50}.Debug|Any CPU.Build.0 = Debug|Any CPU
		{2BF4C859-D487-48DB-8809-4B77A9494B50}.Release|Any CPU.ActiveCfg = Release|Any CPU
		{2BF4C859-D487-48DB-8809-4B77A9494B50}.Release|Any CPU.Build.0 = Release|Any CPU
		{E51E82B4-3FDF-4347-BEC5-DAF9100FB8CD}.Debug|Any CPU.ActiveCfg = Debug|Any CPU
		{E51E82B4-3FDF-4347-BEC5-DAF9100FB8CD}.Debug|Any CPU.Build.0 = Debug|Any CPU
		{E51E82B4-3FDF-4347-BEC5-DAF9100FB8CD}.Release|Any CPU.ActiveCfg = Release|Any CPU
		{E51E82B4-3FDF-4347-BEC5-DAF9100FB8CD}.Release|Any CPU.Build.0 = Release|Any CPU
	EndGlobalSection
EndGlobal
